
Microsoft Visual Studio Solution File, Format Version 12.00
# Visual Studio 15
VisualStudioVersion = 15.0.27004.2010
MinimumVisualStudioVersion = 10.0.40219.1
Project("{FAE04EC0-301F-11D3-BF4B-00C04F79EFBC}") = "SimpleCalculator", "SimpleCalculator\SimpleCalculator.csproj", "{2400F335-516E-4198-B491-C2C69EFF2BC4}"
EndProject
Project("{FAE04EC0-301F-11D3-BF4B-00C04F79EFBC}") = "CalculatorUnitTest", "CalculatorUnitTest\CalculatorUnitTest.csproj", "{CF259D8E-226E-49C7-B779-5FD6D70D915D}"
EndProject
Project("{FAE04EC0-301F-11D3-BF4B-00C04F79EFBC}") = "ParserTestProject", "ParserUnitTest\ParserTestProject.csproj", "{A1817A47-2AF1-4D37-8B53-5E41A31C3021}"
EndProject
Global
	GlobalSection(SolutionConfigurationPlatforms) = preSolution
		Debug|Any CPU = Debug|Any CPU
		Release|Any CPU = Release|Any CPU
	EndGlobalSection
	GlobalSection(ProjectConfigurationPlatforms) = postSolution
		{2400F335-516E-4198-B491-C2C69EFF2BC4}.Debug|Any CPU.ActiveCfg = Debug|Any CPU
		{2400F335-516E-4198-B491-C2C69EFF2BC4}.Debug|Any CPU.Build.0 = Debug|Any CPU
		{2400F335-516E-4198-B491-C2C69EFF2BC4}.Release|Any CPU.ActiveCfg = Release|Any CPU
		{2400F335-516E-4198-B491-C2C69EFF2BC4}.Release|Any CPU.Build.0 = Release|Any CPU
		{CF259D8E-226E-49C7-B779-5FD6D70D915D}.Debug|Any CPU.ActiveCfg = Debug|Any CPU
		{CF259D8E-226E-49C7-B779-5FD6D70D915D}.Debug|Any CPU.Build.0 = Debug|Any CPU
		{CF259D8E-226E-49C7-B779-5FD6D70D915D}.Release|Any CPU.ActiveCfg = Release|Any CPU
		{CF259D8E-226E-49C7-B779-5FD6D70D915D}.Release|Any CPU.Build.0 = Release|Any CPU
		{A1817A47-2AF1-4D37-8B53-5E41A31C3021}.Debug|Any CPU.ActiveCfg = Debug|Any CPU
		{A1817A47-2AF1-4D37-8B53-5E41A31C3021}.Debug|Any CPU.Build.0 = Debug|Any CPU
		{A1817A47-2AF1-4D37-8B53-5E41A31C3021}.Release|Any CPU.ActiveCfg = Release|Any CPU
		{A1817A47-2AF1-4D37-8B53-5E41A31C3021}.Release|Any CPU.Build.0 = Release|Any CPU
	EndGlobalSection
	GlobalSection(SolutionProperties) = preSolution
		HideSolutionNode = FALSE
	EndGlobalSection
	GlobalSection(ExtensibilityGlobals) = postSolution
		SolutionGuid = {30273EE8-3E58-4724-B69C-5EEEC979CDA3}
	EndGlobalSection
EndGlobal
